
Microsoft Visual Studio Solution File, Format Version 12.00
# Visual Studio 15
VisualStudioVersion = 15.0.28307.168
MinimumVisualStudioVersion = 10.0.40219.1
Project("{FAE04EC0-301F-11D3-BF4B-00C04F79EFBC}") = "NETFramework.Log4Net.Example", "NETFramework.Log4Net.Example\NETFramework.Log4Net.Example.csproj", "{97044AE0-AEF7-4C2F-AD8A-834858C68638}"
EndProject
Project("{9A19103F-16F7-4668-BE54-9A1E7A4F7556}") = "HttpClient.Extensions.LoggingHttpMessageHandler", "HttpClient.Extensions.LoggingHttpMessageHandler\HttpClient.Extensions.LoggingHttpMessageHandler.csproj", "{5C9AFFEE-0D22-4D7D-B297-E64DC88B547E}"
EndProject
Global
	GlobalSection(SolutionConfigurationPlatforms) = preSolution
		Debug|Any CPU = Debug|Any CPU
		Release|Any CPU = Release|Any CPU
	EndGlobalSection
	GlobalSection(ProjectConfigurationPlatforms) = postSolution
		{97044AE0-AEF7-4C2F-AD8A-834858C68638}.Debug|Any CPU.ActiveCfg = Debug|Any CPU
		{97044AE0-AEF7-4C2F-AD8A-834858C68638}.Debug|Any CPU.Build.0 = Debug|Any CPU
		{97044AE0-AEF7-4C2F-AD8A-834858C68638}.Release|Any CPU.ActiveCfg = Release|Any CPU
		{97044AE0-AEF7-4C2F-AD8A-834858C68638}.Release|Any CPU.Build.0 = Release|Any CPU
		{5C9AFFEE-0D22-4D7D-B297-E64DC88B547E}.Debug|Any CPU.ActiveCfg = Debug|Any CPU
		{5C9AFFEE-0D22-4D7D-B297-E64DC88B547E}.Debug|Any CPU.Build.0 = Debug|Any CPU
		{5C9AFFEE-0D22-4D7D-B297-E64DC88B547E}.Release|Any CPU.ActiveCfg = Release|Any CPU
		{5C9AFFEE-0D22-4D7D-B297-E64DC88B547E}.Release|Any CPU.Build.0 = Release|Any CPU
	EndGlobalSection
	GlobalSection(SolutionProperties) = preSolution
		HideSolutionNode = FALSE
	EndGlobalSection
	GlobalSection(ExtensibilityGlobals) = postSolution
		SolutionGuid = {1E100421-0B0C-47B8-B443-A3BCD2156263}
	EndGlobalSection
EndGlobal
